
Microsoft Visual Studio Solution File, Format Version 12.00
# Visual Studio Version 17
VisualStudioVersion = 17.6.33723.286
MinimumVisualStudioVersion = 10.0.40219.1
Project("{FAE04EC0-301F-11D3-BF4B-00C04F79EFBC}") = "Intro_MVC", "Intro_MVC\Intro_MVC.csproj", "{98436EBC-2A8A-4B71-BF69-CB73C402ACC1}"
EndProject
Global
	GlobalSection(SolutionConfigurationPlatforms) = preSolution
		Debug|Any CPU = Debug|Any CPU
		Release|Any CPU = Release|Any CPU
	EndGlobalSection
	GlobalSection(ProjectConfigurationPlatforms) = postSolution
		{98436EBC-2A8A-4B71-BF69-CB73C402ACC1}.Debug|Any CPU.ActiveCfg = Debug|Any CPU
		{98436EBC-2A8A-4B71-BF69-CB73C402ACC1}.Debug|Any CPU.Build.0 = Debug|Any CPU
		{98436EBC-2A8A-4B71-BF69-CB73C402ACC1}.Release|Any CPU.ActiveCfg = Release|Any CPU
		{98436EBC-2A8A-4B71-BF69-CB73C402ACC1}.Release|Any CPU.Build.0 = Release|Any CPU
	EndGlobalSection
	GlobalSection(SolutionProperties) = preSolution
		HideSolutionNode = FALSE
	EndGlobalSection
	GlobalSection(ExtensibilityGlobals) = postSolution
		SolutionGuid = {BD6E19C7-6A29-442F-910E-BDCAC6F92599}
	EndGlobalSection
EndGlobal
