
Microsoft Visual Studio Solution File, Format Version 12.00
# Visual Studio Version 17
VisualStudioVersion = 17.6.33723.286
MinimumVisualStudioVersion = 10.0.40219.1
Project("{FAE04EC0-301F-11D3-BF4B-00C04F79EFBC}") = "CV", "CV\CV.csproj", "{16A1EED7-C07F-4980-851F-88519613A0DE}"
EndProject
Global
	GlobalSection(SolutionConfigurationPlatforms) = preSolution
		Debug|Any CPU = Debug|Any CPU
		Release|Any CPU = Release|Any CPU
	EndGlobalSection
	GlobalSection(ProjectConfigurationPlatforms) = postSolution
		{16A1EED7-C07F-4980-851F-88519613A0DE}.Debug|Any CPU.ActiveCfg = Debug|Any CPU
		{16A1EED7-C07F-4980-851F-88519613A0DE}.Debug|Any CPU.Build.0 = Debug|Any CPU
		{16A1EED7-C07F-4980-851F-88519613A0DE}.Release|Any CPU.ActiveCfg = Release|Any CPU
		{16A1EED7-C07F-4980-851F-88519613A0DE}.Release|Any CPU.Build.0 = Release|Any CPU
	EndGlobalSection
	GlobalSection(SolutionProperties) = preSolution
		HideSolutionNode = FALSE
	EndGlobalSection
	GlobalSection(ExtensibilityGlobals) = postSolution
		SolutionGuid = {1BDEC411-278E-437A-A40A-4A0F6BBD84E7}
	EndGlobalSection
EndGlobal
